
Microsoft Visual Studio Solution File, Format Version 12.00
# Visual Studio 2012
Project("{FAE04EC0-301F-11D3-BF4B-00C04F79EFBC}") = "AssetImporter", "AssetImporter\AssetImporter.csproj", "{15F431BF-658A-4A7E-9AB6-5F30B4107BD9}"
EndProject
Global
	GlobalSection(SolutionConfigurationPlatforms) = preSolution
		Debug|Any CPU = Debug|Any CPU
		Release|Any CPU = Release|Any CPU
	EndGlobalSection
	GlobalSection(ProjectConfigurationPlatforms) = postSolution
		{15F431BF-658A-4A7E-9AB6-5F30B4107BD9}.Debug|Any CPU.ActiveCfg = Debug|Any CPU
		{15F431BF-658A-4A7E-9AB6-5F30B4107BD9}.Debug|Any CPU.Build.0 = Debug|Any CPU
		{15F431BF-658A-4A7E-9AB6-5F30B4107BD9}.Release|Any CPU.ActiveCfg = Release|Any CPU
		{15F431BF-658A-4A7E-9AB6-5F30B4107BD9}.Release|Any CPU.Build.0 = Release|Any CPU
	EndGlobalSection
	GlobalSection(MonoDevelopProperties) = preSolution
		Policies = $0
		$0.TextStylePolicy = $1
		$1.FileWidth = 80
		$1.TabWidth = 2
		$1.IndentWidth = 2
		$1.scope = application/xml
		$0.XmlFormattingPolicy = $2
		$2.DefaultFormat = $3
		$3.AttributesInNewLine = True
		$3.AlignAttributes = True
		$2.scope = application/xml
	EndGlobalSection
EndGlobal
